
Microsoft Visual Studio Solution File, Format Version 12.00
# Visual Studio Version 16
VisualStudioVersion = 16.0.31501.217
MinimumVisualStudioVersion = 10.0.40219.1
Project("{FAE04EC0-301F-11D3-BF4B-00C04F79EFBC}") = "CRM", "CRM\CRM.csproj", "{5CD9680E-D26B-4843-A73C-743AC49ACEB7}"
EndProject
Project("{FAE04EC0-301F-11D3-BF4B-00C04F79EFBC}") = "Domain Layer", "Domain Layer\Domain Layer.csproj", "{8BD43646-2202-4BCD-B6AE-8625C6B21894}"
EndProject
Project("{FAE04EC0-301F-11D3-BF4B-00C04F79EFBC}") = "Repository Layer", "Repository Layer\Repository Layer.csproj", "{F0E6075A-E942-4F23-A613-B2C7EC0019EF}"
EndProject
Project("{FAE04EC0-301F-11D3-BF4B-00C04F79EFBC}") = "Service Layer", "Service Layer\Service Layer.csproj", "{AF700BF7-F93E-4286-A791-AD5A8722B2EB}"
EndProject
Global
	GlobalSection(SolutionConfigurationPlatforms) = preSolution
		Debug|Any CPU = Debug|Any CPU
		Release|Any CPU = Release|Any CPU
	EndGlobalSection
	GlobalSection(ProjectConfigurationPlatforms) = postSolution
		{5CD9680E-D26B-4843-A73C-743AC49ACEB7}.Debug|Any CPU.ActiveCfg = Debug|Any CPU
		{5CD9680E-D26B-4843-A73C-743AC49ACEB7}.Debug|Any CPU.Build.0 = Debug|Any CPU
		{5CD9680E-D26B-4843-A73C-743AC49ACEB7}.Release|Any CPU.ActiveCfg = Release|Any CPU
		{5CD9680E-D26B-4843-A73C-743AC49ACEB7}.Release|Any CPU.Build.0 = Release|Any CPU
		{8BD43646-2202-4BCD-B6AE-8625C6B21894}.Debug|Any CPU.ActiveCfg = Debug|Any CPU
		{8BD43646-2202-4BCD-B6AE-8625C6B21894}.Debug|Any CPU.Build.0 = Debug|Any CPU
		{8BD43646-2202-4BCD-B6AE-8625C6B21894}.Release|Any CPU.ActiveCfg = Release|Any CPU
		{8BD43646-2202-4BCD-B6AE-8625C6B21894}.Release|Any CPU.Build.0 = Release|Any CPU
		{F0E6075A-E942-4F23-A613-B2C7EC0019EF}.Debug|Any CPU.ActiveCfg = Debug|Any CPU
		{F0E6075A-E942-4F23-A613-B2C7EC0019EF}.Debug|Any CPU.Build.0 = Debug|Any CPU
		{F0E6075A-E942-4F23-A613-B2C7EC0019EF}.Release|Any CPU.ActiveCfg = Release|Any CPU
		{F0E6075A-E942-4F23-A613-B2C7EC0019EF}.Release|Any CPU.Build.0 = Release|Any CPU
		{AF700BF7-F93E-4286-A791-AD5A8722B2EB}.Debug|Any CPU.ActiveCfg = Debug|Any CPU
		{AF700BF7-F93E-4286-A791-AD5A8722B2EB}.Debug|Any CPU.Build.0 = Debug|Any CPU
		{AF700BF7-F93E-4286-A791-AD5A8722B2EB}.Release|Any CPU.ActiveCfg = Release|Any CPU
		{AF700BF7-F93E-4286-A791-AD5A8722B2EB}.Release|Any CPU.Build.0 = Release|Any CPU
	EndGlobalSection
	GlobalSection(SolutionProperties) = preSolution
		HideSolutionNode = FALSE
	EndGlobalSection
	GlobalSection(ExtensibilityGlobals) = postSolution
		SolutionGuid = {DFE35E12-C190-4E90-ADC2-807188303B33}
	EndGlobalSection
EndGlobal
